// !$*UTF8*$!
{
	archiveVersion = 1;
	classes = {
	};
	objectVersion = 56;
	objects = {

/* Begin PBXBuildFile section */
		04DADA5F293384D800950BDD /* DataModel.xcdatamodeld in Sources */ = {isa = PBXBuildFile; fileRef = 04DADA5D293384D800950BDD /* DataModel.xcdatamodeld */; };
		04DADA62293387B200950BDD /* UserData.swift in Sources */ = {isa = PBXBuildFile; fileRef = 04DADA61293387B200950BDD /* UserData.swift */; };
		04DADA6429339BB800950BDD /* TrafficManager.swift in Sources */ = {isa = PBXBuildFile; fileRef = 04DADA6329339BB800950BDD /* TrafficManager.swift */; };
		04DADA682933A26F00950BDD /* SimpleDate.swift in Sources */ = {isa = PBXBuildFile; fileRef = 04DADA672933A26F00950BDD /* SimpleDate.swift */; };
		04DADA6A2933A7A700950BDD /* BalanceManager.swift in Sources */ = {isa = PBXBuildFile; fileRef = 04DADA692933A7A700950BDD /* BalanceManager.swift */; };
		04DADA6D2933A87F00950BDD /* DataManager.swift in Sources */ = {isa = PBXBuildFile; fileRef = 04DADA6C2933A87F00950BDD /* DataManager.swift */; };
		04DADA6F2933A98100950BDD /* ChartView.swift in Sources */ = {isa = PBXBuildFile; fileRef = 04DADA6E2933A98100950BDD /* ChartView.swift */; };
		04DADA712933BD3100950BDD /* ChartsView.swift in Sources */ = {isa = PBXBuildFile; fileRef = 04DADA702933BD3000950BDD /* ChartsView.swift */; };
		04DC15AF2931E9AB009F3411 /* ToolsApp.swift in Sources */ = {isa = PBXBuildFile; fileRef = 04DC15AE2931E9AB009F3411 /* ToolsApp.swift */; };
		04DC15B12931E9AB009F3411 /* ContentView.swift in Sources */ = {isa = PBXBuildFile; fileRef = 04DC15B02931E9AB009F3411 /* ContentView.swift */; };
		04DC15B32931E9AC009F3411 /* Assets.xcassets in Resources */ = {isa = PBXBuildFile; fileRef = 04DC15B22931E9AC009F3411 /* Assets.xcassets */; };
		04DC15B72931E9AC009F3411 /* Preview Assets.xcassets in Resources */ = {isa = PBXBuildFile; fileRef = 04DC15B62931E9AC009F3411 /* Preview Assets.xcassets */; };
		04DC15E32931EC4F009F3411 /* NcovView.swift in Sources */ = {isa = PBXBuildFile; fileRef = 04DC15C32931EC4E009F3411 /* NcovView.swift */; };
		04DC15E42931EC4F009F3411 /* BalanceView.swift in Sources */ = {isa = PBXBuildFile; fileRef = 04DC15C42931EC4E009F3411 /* BalanceView.swift */; };
		04DC15E52931EC4F009F3411 /* TrafficView.swift in Sources */ = {isa = PBXBuildFile; fileRef = 04DC15C52931EC4E009F3411 /* TrafficView.swift */; };
		04DC15E62931EC4F009F3411 /* TdView.swift in Sources */ = {isa = PBXBuildFile; fileRef = 04DC15C62931EC4E009F3411 /* TdView.swift */; };
		04DC15E72931EC4F009F3411 /* LoginView.swift in Sources */ = {isa = PBXBuildFile; fileRef = 04DC15C72931EC4E009F3411 /* LoginView.swift */; };
		04DC15E82931EC4F009F3411 /* BackgroundView.swift in Sources */ = {isa = PBXBuildFile; fileRef = 04DC15C92931EC4E009F3411 /* BackgroundView.swift */; };
		04DC15EA2931EC4F009F3411 /* CapsuleProgressViewStyle.swift in Sources */ = {isa = PBXBuildFile; fileRef = 04DC15CB2931EC4E009F3411 /* CapsuleProgressViewStyle.swift */; };
		04DC15EB2931EC4F009F3411 /* WithPopover.swift in Sources */ = {isa = PBXBuildFile; fileRef = 04DC15CC2931EC4E009F3411 /* WithPopover.swift */; };
		04DC15ED2931EC4F009F3411 /* WebView.swift in Sources */ = {isa = PBXBuildFile; fileRef = 04DC15CF2931EC4E009F3411 /* WebView.swift */; };
		04DC15EE2931EC4F009F3411 /* HomeView.swift in Sources */ = {isa = PBXBuildFile; fileRef = 04DC15D02931EC4E009F3411 /* HomeView.swift */; };
		04DC15EF2931EC4F009F3411 /* SettingView.swift in Sources */ = {isa = PBXBuildFile; fileRef = 04DC15D12931EC4E009F3411 /* SettingView.swift */; };
		04DC15F02931EC4F009F3411 /* Setting.swift in Sources */ = {isa = PBXBuildFile; fileRef = 04DC15D32931EC4E009F3411 /* Setting.swift */; };
		04DC15F12931EC4F009F3411 /* UserProfile.swift in Sources */ = {isa = PBXBuildFile; fileRef = 04DC15D42931EC4E009F3411 /* UserProfile.swift */; };
		04DC15F22931EC4F009F3411 /* User.swift in Sources */ = {isa = PBXBuildFile; fileRef = 04DC15D52931EC4E009F3411 /* User.swift */; };
		04DC15F32931EC4F009F3411 /* Functions.swift in Sources */ = {isa = PBXBuildFile; fileRef = 04DC15D72931EC4F009F3411 /* Functions.swift */; };
		04DC15F42931EC4F009F3411 /* Enums.swift in Sources */ = {isa = PBXBuildFile; fileRef = 04DC15D82931EC4F009F3411 /* Enums.swift */; };
		04DC15F52931EC4F009F3411 /* Extensions.swift in Sources */ = {isa = PBXBuildFile; fileRef = 04DC15D92931EC4F009F3411 /* Extensions.swift */; };
		04DC15F62931EC4F009F3411 /* Exceptions.swift in Sources */ = {isa = PBXBuildFile; fileRef = 04DC15DA2931EC4F009F3411 /* Exceptions.swift */; };
		04DC15F72931EC4F009F3411 /* URLs.swift in Sources */ = {isa = PBXBuildFile; fileRef = 04DC15DB2931EC4F009F3411 /* URLs.swift */; };
		04DC15F82931EC4F009F3411 /* UserLogin.swift in Sources */ = {isa = PBXBuildFile; fileRef = 04DC15DD2931EC4F009F3411 /* UserLogin.swift */; };
		04DC15F92931EC4F009F3411 /* BalanceQuery.swift in Sources */ = {isa = PBXBuildFile; fileRef = 04DC15DF2931EC4F009F3411 /* BalanceQuery.swift */; };
		04DC15FA2931EC4F009F3411 /* TdQuery.swift in Sources */ = {isa = PBXBuildFile; fileRef = 04DC15E02931EC4F009F3411 /* TdQuery.swift */; };
		04DC15FB2931EC4F009F3411 /* NcovQuery.swift in Sources */ = {isa = PBXBuildFile; fileRef = 04DC15E12931EC4F009F3411 /* NcovQuery.swift */; };
		04DC15FC2931EC4F009F3411 /* TrafficQuery.swift in Sources */ = {isa = PBXBuildFile; fileRef = 04DC15E22931EC4F009F3411 /* TrafficQuery.swift */; };
		04DC160129321511009F3411 /* SwiftSoup in Frameworks */ = {isa = PBXBuildFile; productRef = 04DC160029321511009F3411 /* SwiftSoup */; };
		04DC160429321556009F3411 /* SwiftyJSON in Frameworks */ = {isa = PBXBuildFile; productRef = 04DC160329321556009F3411 /* SwiftyJSON */; };
/* End PBXBuildFile section */

/* Begin PBXFileReference section */
		04DADA5E293384D800950BDD /* DataModel.xcdatamodel */ = {isa = PBXFileReference; lastKnownFileType = wrapper.xcdatamodel; path = DataModel.xcdatamodel; sourceTree = "<group>"; };
		04DADA61293387B200950BDD /* UserData.swift */ = {isa = PBXFileReference; lastKnownFileType = sourcecode.swift; path = UserData.swift; sourceTree = "<group>"; };
		04DADA6329339BB800950BDD /* TrafficManager.swift */ = {isa = PBXFileReference; lastKnownFileType = sourcecode.swift; path = TrafficManager.swift; sourceTree = "<group>"; };
		04DADA672933A26F00950BDD /* SimpleDate.swift */ = {isa = PBXFileReference; lastKnownFileType = sourcecode.swift; path = SimpleDate.swift; sourceTree = "<group>"; };
		04DADA692933A7A700950BDD /* BalanceManager.swift */ = {isa = PBXFileReference; lastKnownFileType = sourcecode.swift; path = BalanceManager.swift; sourceTree = "<group>"; };
		04DADA6C2933A87F00950BDD /* DataManager.swift */ = {isa = PBXFileReference; lastKnownFileType = sourcecode.swift; path = DataManager.swift; sourceTree = "<group>"; };
		04DADA6E2933A98100950BDD /* ChartView.swift */ = {isa = PBXFileReference; lastKnownFileType = sourcecode.swift; path = ChartView.swift; sourceTree = "<group>"; };
		04DADA702933BD3000950BDD /* ChartsView.swift */ = {isa = PBXFileReference; lastKnownFileType = sourcecode.swift; path = ChartsView.swift; sourceTree = "<group>"; };
		04DC15AB2931E9AB009F3411 /* BUAA Tools.app */ = {isa = PBXFileReference; explicitFileType = wrapper.application; includeInIndex = 0; path = "BUAA Tools.app"; sourceTree = BUILT_PRODUCTS_DIR; };
		04DC15AE2931E9AB009F3411 /* ToolsApp.swift */ = {isa = PBXFileReference; lastKnownFileType = sourcecode.swift; path = ToolsApp.swift; sourceTree = "<group>"; };
		04DC15B02931E9AB009F3411 /* ContentView.swift */ = {isa = PBXFileReference; lastKnownFileType = sourcecode.swift; path = ContentView.swift; sourceTree = "<group>"; };
		04DC15B22931E9AC009F3411 /* Assets.xcassets */ = {isa = PBXFileReference; lastKnownFileType = folder.assetcatalog; path = Assets.xcassets; sourceTree = "<group>"; };
		04DC15B42931E9AC009F3411 /* BUAA_Tools.entitlements */ = {isa = PBXFileReference; lastKnownFileType = text.plist.entitlements; path = BUAA_Tools.entitlements; sourceTree = "<group>"; };
		04DC15B62931E9AC009F3411 /* Preview Assets.xcassets */ = {isa = PBXFileReference; lastKnownFileType = folder.assetcatalog; path = "Preview Assets.xcassets"; sourceTree = "<group>"; };
		04DC15C32931EC4E009F3411 /* NcovView.swift */ = {isa = PBXFileReference; fileEncoding = 4; lastKnownFileType = sourcecode.swift; path = NcovView.swift; sourceTree = "<group>"; };
		04DC15C42931EC4E009F3411 /* BalanceView.swift */ = {isa = PBXFileReference; fileEncoding = 4; lastKnownFileType = sourcecode.swift; path = BalanceView.swift; sourceTree = "<group>"; };
		04DC15C52931EC4E009F3411 /* TrafficView.swift */ = {isa = PBXFileReference; fileEncoding = 4; lastKnownFileType = sourcecode.swift; path = TrafficView.swift; sourceTree = "<group>"; };
		04DC15C62931EC4E009F3411 /* TdView.swift */ = {isa = PBXFileReference; fileEncoding = 4; lastKnownFileType = sourcecode.swift; path = TdView.swift; sourceTree = "<group>"; };
		04DC15C72931EC4E009F3411 /* LoginView.swift */ = {isa = PBXFileReference; fileEncoding = 4; lastKnownFileType = sourcecode.swift; path = LoginView.swift; sourceTree = "<group>"; };
		04DC15C92931EC4E009F3411 /* BackgroundView.swift */ = {isa = PBXFileReference; fileEncoding = 4; lastKnownFileType = sourcecode.swift; path = BackgroundView.swift; sourceTree = "<group>"; };
		04DC15CB2931EC4E009F3411 /* CapsuleProgressViewStyle.swift */ = {isa = PBXFileReference; fileEncoding = 4; lastKnownFileType = sourcecode.swift; path = CapsuleProgressViewStyle.swift; sourceTree = "<group>"; };
		04DC15CC2931EC4E009F3411 /* WithPopover.swift */ = {isa = PBXFileReference; fileEncoding = 4; lastKnownFileType = sourcecode.swift; path = WithPopover.swift; sourceTree = "<group>"; };
		04DC15CF2931EC4E009F3411 /* WebView.swift */ = {isa = PBXFileReference; fileEncoding = 4; lastKnownFileType = sourcecode.swift; path = WebView.swift; sourceTree = "<group>"; };
		04DC15D02931EC4E009F3411 /* HomeView.swift */ = {isa = PBXFileReference; fileEncoding = 4; lastKnownFileType = sourcecode.swift; path = HomeView.swift; sourceTree = "<group>"; };
		04DC15D12931EC4E009F3411 /* SettingView.swift */ = {isa = PBXFileReference; fileEncoding = 4; lastKnownFileType = sourcecode.swift; path = SettingView.swift; sourceTree = "<group>"; };
		04DC15D32931EC4E009F3411 /* Setting.swift */ = {isa = PBXFileReference; fileEncoding = 4; lastKnownFileType = sourcecode.swift; path = Setting.swift; sourceTree = "<group>"; };
		04DC15D42931EC4E009F3411 /* UserProfile.swift */ = {isa = PBXFileReference; fileEncoding = 4; lastKnownFileType = sourcecode.swift; path = UserProfile.swift; sourceTree = "<group>"; };
		04DC15D52931EC4E009F3411 /* User.swift */ = {isa = PBXFileReference; fileEncoding = 4; lastKnownFileType = sourcecode.swift; path = User.swift; sourceTree = "<group>"; };
		04DC15D72931EC4F009F3411 /* Functions.swift */ = {isa = PBXFileReference; fileEncoding = 4; lastKnownFileType = sourcecode.swift; path = Functions.swift; sourceTree = "<group>"; };
		04DC15D82931EC4F009F3411 /* Enums.swift */ = {isa = PBXFileReference; fileEncoding = 4; lastKnownFileType = sourcecode.swift; path = Enums.swift; sourceTree = "<group>"; };
		04DC15D92931EC4F009F3411 /* Extensions.swift */ = {isa = PBXFileReference; fileEncoding = 4; lastKnownFileType = sourcecode.swift; path = Extensions.swift; sourceTree = "<group>"; };
		04DC15DA2931EC4F009F3411 /* Exceptions.swift */ = {isa = PBXFileReference; fileEncoding = 4; lastKnownFileType = sourcecode.swift; path = Exceptions.swift; sourceTree = "<group>"; };
		04DC15DB2931EC4F009F3411 /* URLs.swift */ = {isa = PBXFileReference; fileEncoding = 4; lastKnownFileType = sourcecode.swift; path = URLs.swift; sourceTree = "<group>"; };
		04DC15DD2931EC4F009F3411 /* UserLogin.swift */ = {isa = PBXFileReference; fileEncoding = 4; lastKnownFileType = sourcecode.swift; path = UserLogin.swift; sourceTree = "<group>"; };
		04DC15DF2931EC4F009F3411 /* BalanceQuery.swift */ = {isa = PBXFileReference; fileEncoding = 4; lastKnownFileType = sourcecode.swift; path = BalanceQuery.swift; sourceTree = "<group>"; };
		04DC15E02931EC4F009F3411 /* TdQuery.swift */ = {isa = PBXFileReference; fileEncoding = 4; lastKnownFileType = sourcecode.swift; path = TdQuery.swift; sourceTree = "<group>"; };
		04DC15E12931EC4F009F3411 /* NcovQuery.swift */ = {isa = PBXFileReference; fileEncoding = 4; lastKnownFileType = sourcecode.swift; path = NcovQuery.swift; sourceTree = "<group>"; };
		04DC15E22931EC4F009F3411 /* TrafficQuery.swift */ = {isa = PBXFileReference; fileEncoding = 4; lastKnownFileType = sourcecode.swift; path = TrafficQuery.swift; sourceTree = "<group>"; };
		04DC160529321C51009F3411 /* README.md */ = {isa = PBXFileReference; lastKnownFileType = net.daringfireball.markdown; path = README.md; sourceTree = "<group>"; };
/* End PBXFileReference section */

/* Begin PBXFrameworksBuildPhase section */
		04DC15A82931E9AB009F3411 /* Frameworks */ = {
			isa = PBXFrameworksBuildPhase;
			buildActionMask = 2147483647;
			files = (
				04DC160429321556009F3411 /* SwiftyJSON in Frameworks */,
				04DC160129321511009F3411 /* SwiftSoup in Frameworks */,
			);
			runOnlyForDeploymentPostprocessing = 0;
		};
/* End PBXFrameworksBuildPhase section */

/* Begin PBXGroup section */
		04DADA60293386C900950BDD /* Data */ = {
			isa = PBXGroup;
			children = (
				04DADA61293387B200950BDD /* UserData.swift */,
				04DADA6329339BB800950BDD /* TrafficManager.swift */,
				04DADA692933A7A700950BDD /* BalanceManager.swift */,
				04DADA6C2933A87F00950BDD /* DataManager.swift */,
			);
			path = Data;
			sourceTree = "<group>";
		};
		04DC15A22931E9AB009F3411 = {
			isa = PBXGroup;
			children = (
				04DC160529321C51009F3411 /* README.md */,
				04DC15AD2931E9AB009F3411 /* BUAA Tools */,
				04DC15AC2931E9AB009F3411 /* Products */,
			);
			sourceTree = "<group>";
		};
		04DC15AC2931E9AB009F3411 /* Products */ = {
			isa = PBXGroup;
			children = (
				04DC15AB2931E9AB009F3411 /* BUAA Tools.app */,
			);
			name = Products;
			sourceTree = "<group>";
		};
		04DC15AD2931E9AB009F3411 /* BUAA Tools */ = {
			isa = PBXGroup;
			children = (
				04DADA60293386C900950BDD /* Data */,
				04DC15D22931EC4E009F3411 /* Authorization */,
				04DC15DC2931EC4F009F3411 /* Network */,
				04DC15D62931EC4F009F3411 /* Utils */,
				04DC15C12931EC4E009F3411 /* View */,
				04DC15AE2931E9AB009F3411 /* ToolsApp.swift */,
				04DC15B02931E9AB009F3411 /* ContentView.swift */,
				04DC15B22931E9AC009F3411 /* Assets.xcassets */,
				04DC15B42931E9AC009F3411 /* BUAA_Tools.entitlements */,
				04DADA5D293384D800950BDD /* DataModel.xcdatamodeld */,
				04DC15B52931E9AC009F3411 /* Preview Content */,
			);
			path = "BUAA Tools";
			sourceTree = "<group>";
		};
		04DC15B52931E9AC009F3411 /* Preview Content */ = {
			isa = PBXGroup;
			children = (
				04DC15B62931E9AC009F3411 /* Preview Assets.xcassets */,
			);
			path = "Preview Content";
			sourceTree = "<group>";
		};
		04DC15C12931EC4E009F3411 /* View */ = {
			isa = PBXGroup;
			children = (
				04DC15C22931EC4E009F3411 /* QueryView */,
				04DC15C82931EC4E009F3411 /* BaseView */,
				04DC15D02931EC4E009F3411 /* HomeView.swift */,
				04DC15C72931EC4E009F3411 /* LoginView.swift */,
				04DC15D12931EC4E009F3411 /* SettingView.swift */,
				04DADA702933BD3000950BDD /* ChartsView.swift */,
			);
			path = View;
			sourceTree = "<group>";
		};
		04DC15C22931EC4E009F3411 /* QueryView */ = {
			isa = PBXGroup;
			children = (
				04DC15C32931EC4E009F3411 /* NcovView.swift */,
				04DC15C42931EC4E009F3411 /* BalanceView.swift */,
				04DC15C52931EC4E009F3411 /* TrafficView.swift */,
				04DC15C62931EC4E009F3411 /* TdView.swift */,
			);
			path = QueryView;
			sourceTree = "<group>";
		};
		04DC15C82931EC4E009F3411 /* BaseView */ = {
			isa = PBXGroup;
			children = (
				04DC15CF2931EC4E009F3411 /* WebView.swift */,
				04DC15C92931EC4E009F3411 /* BackgroundView.swift */,
				04DC15CB2931EC4E009F3411 /* CapsuleProgressViewStyle.swift */,
				04DC15CC2931EC4E009F3411 /* WithPopover.swift */,
				04DADA6E2933A98100950BDD /* ChartView.swift */,
			);
			path = BaseView;
			sourceTree = "<group>";
		};
		04DC15D22931EC4E009F3411 /* Authorization */ = {
			isa = PBXGroup;
			children = (
				04DC15D32931EC4E009F3411 /* Setting.swift */,
				04DC15D42931EC4E009F3411 /* UserProfile.swift */,
				04DC15D52931EC4E009F3411 /* User.swift */,
			);
			path = Authorization;
			sourceTree = "<group>";
		};
		04DC15D62931EC4F009F3411 /* Utils */ = {
			isa = PBXGroup;
			children = (
				04DC15D72931EC4F009F3411 /* Functions.swift */,
				04DC15D82931EC4F009F3411 /* Enums.swift */,
				04DC15D92931EC4F009F3411 /* Extensions.swift */,
				04DC15DA2931EC4F009F3411 /* Exceptions.swift */,
				04DC15DB2931EC4F009F3411 /* URLs.swift */,
				04DADA672933A26F00950BDD /* SimpleDate.swift */,
			);
			path = Utils;
			sourceTree = "<group>";
		};
		04DC15DC2931EC4F009F3411 /* Network */ = {
			isa = PBXGroup;
			children = (
				04DC15DD2931EC4F009F3411 /* UserLogin.swift */,
				04DC15DE2931EC4F009F3411 /* Query */,
			);
			path = Network;
			sourceTree = "<group>";
		};
		04DC15DE2931EC4F009F3411 /* Query */ = {
			isa = PBXGroup;
			children = (
				04DC15DF2931EC4F009F3411 /* BalanceQuery.swift */,
				04DC15E02931EC4F009F3411 /* TdQuery.swift */,
				04DC15E12931EC4F009F3411 /* NcovQuery.swift */,
				04DC15E22931EC4F009F3411 /* TrafficQuery.swift */,
			);
			path = Query;
			sourceTree = "<group>";
		};
/* End PBXGroup section */

/* Begin PBXNativeTarget section */
		04DC15AA2931E9AB009F3411 /* BUAA Tools */ = {
			isa = PBXNativeTarget;
			buildConfigurationList = 04DC15BA2931E9AC009F3411 /* Build configuration list for PBXNativeTarget "BUAA Tools" */;
			buildPhases = (
				04DC15A72931E9AB009F3411 /* Sources */,
				04DC15A82931E9AB009F3411 /* Frameworks */,
				04DC15A92931E9AB009F3411 /* Resources */,
			);
			buildRules = (
			);
			dependencies = (
			);
			name = "BUAA Tools";
			packageProductDependencies = (
				04DC160029321511009F3411 /* SwiftSoup */,
				04DC160329321556009F3411 /* SwiftyJSON */,
			);
			productName = "BUAA Tools";
			productReference = 04DC15AB2931E9AB009F3411 /* BUAA Tools.app */;
			productType = "com.apple.product-type.application";
		};
/* End PBXNativeTarget section */

/* Begin PBXProject section */
		04DC15A32931E9AB009F3411 /* Project object */ = {
			isa = PBXProject;
			attributes = {
				BuildIndependentTargetsInParallel = 1;
				LastSwiftUpdateCheck = 1400;
				LastUpgradeCheck = 1400;
				TargetAttributes = {
					04DC15AA2931E9AB009F3411 = {
						CreatedOnToolsVersion = 14.0.1;
					};
				};
			};
			buildConfigurationList = 04DC15A62931E9AB009F3411 /* Build configuration list for PBXProject "BUAA Tools" */;
			compatibilityVersion = "Xcode 14.0";
			developmentRegion = en;
			hasScannedForEncodings = 0;
			knownRegions = (
				en,
				Base,
			);
			mainGroup = 04DC15A22931E9AB009F3411;
			packageReferences = (
				04DC15FF29321511009F3411 /* XCRemoteSwiftPackageReference "SwiftSoup" */,
				04DC160229321556009F3411 /* XCRemoteSwiftPackageReference "SwiftyJSON" */,
			);
			productRefGroup = 04DC15AC2931E9AB009F3411 /* Products */;
			projectDirPath = "";
			projectRoot = "";
			targets = (
				04DC15AA2931E9AB009F3411 /* BUAA Tools */,
			);
		};
/* End PBXProject section */

/* Begin PBXResourcesBuildPhase section */
		04DC15A92931E9AB009F3411 /* Resources */ = {
			isa = PBXResourcesBuildPhase;
			buildActionMask = 2147483647;
			files = (
				04DC15B72931E9AC009F3411 /* Preview Assets.xcassets in Resources */,
				04DC15B32931E9AC009F3411 /* Assets.xcassets in Resources */,
			);
			runOnlyForDeploymentPostprocessing = 0;
		};
/* End PBXResourcesBuildPhase section */

/* Begin PBXSourcesBuildPhase section */
		04DC15A72931E9AB009F3411 /* Sources */ = {
			isa = PBXSourcesBuildPhase;
			buildActionMask = 2147483647;
			files = (
				04DC15EB2931EC4F009F3411 /* WithPopover.swift in Sources */,
				04DC15EE2931EC4F009F3411 /* HomeView.swift in Sources */,
				04DC15F82931EC4F009F3411 /* UserLogin.swift in Sources */,
				04DC15F42931EC4F009F3411 /* Enums.swift in Sources */,
				04DC15E62931EC4F009F3411 /* TdView.swift in Sources */,
				04DC15ED2931EC4F009F3411 /* WebView.swift in Sources */,
				04DC15E72931EC4F009F3411 /* LoginView.swift in Sources */,
				04DC15E82931EC4F009F3411 /* BackgroundView.swift in Sources */,
				04DC15F02931EC4F009F3411 /* Setting.swift in Sources */,
				04DC15EF2931EC4F009F3411 /* SettingView.swift in Sources */,
				04DC15FC2931EC4F009F3411 /* TrafficQuery.swift in Sources */,
				04DC15EA2931EC4F009F3411 /* CapsuleProgressViewStyle.swift in Sources */,
				04DC15B12931E9AB009F3411 /* ContentView.swift in Sources */,
				04DADA712933BD3100950BDD /* ChartsView.swift in Sources */,
				04DC15FB2931EC4F009F3411 /* NcovQuery.swift in Sources */,
				04DADA682933A26F00950BDD /* SimpleDate.swift in Sources */,
				04DC15E42931EC4F009F3411 /* BalanceView.swift in Sources */,
				04DADA6A2933A7A700950BDD /* BalanceManager.swift in Sources */,
				04DC15F32931EC4F009F3411 /* Functions.swift in Sources */,
				04DC15F92931EC4F009F3411 /* BalanceQuery.swift in Sources */,
				04DADA6D2933A87F00950BDD /* DataManager.swift in Sources */,
				04DADA6429339BB800950BDD /* TrafficManager.swift in Sources */,
				04DADA5F293384D800950BDD /* DataModel.xcdatamodeld in Sources */,
				04DC15F52931EC4F009F3411 /* Extensions.swift in Sources */,
				04DC15E52931EC4F009F3411 /* TrafficView.swift in Sources */,
				04DC15FA2931EC4F009F3411 /* TdQuery.swift in Sources */,
				04DADA62293387B200950BDD /* UserData.swift in Sources */,
				04DC15F72931EC4F009F3411 /* URLs.swift in Sources */,
				04DC15AF2931E9AB009F3411 /* ToolsApp.swift in Sources */,
				04DC15F22931EC4F009F3411 /* User.swift in Sources */,
				04DADA6F2933A98100950BDD /* ChartView.swift in Sources */,
				04DC15E32931EC4F009F3411 /* NcovView.swift in Sources */,
				04DC15F12931EC4F009F3411 /* UserProfile.swift in Sources */,
				04DC15F62931EC4F009F3411 /* Exceptions.swift in Sources */,
			);
			runOnlyForDeploymentPostprocessing = 0;
		};
/* End PBXSourcesBuildPhase section */

/* Begin XCBuildConfiguration section */
		04DC15B82931E9AC009F3411 /* Debug */ = {
			isa = XCBuildConfiguration;
			buildSettings = {
				ALWAYS_SEARCH_USER_PATHS = NO;
				CLANG_ANALYZER_NONNULL = YES;
				CLANG_ANALYZER_NUMBER_OBJECT_CONVERSION = YES_AGGRESSIVE;
				CLANG_CXX_LANGUAGE_STANDARD = "gnu++20";
				CLANG_ENABLE_MODULES = YES;
				CLANG_ENABLE_OBJC_ARC = YES;
				CLANG_ENABLE_OBJC_WEAK = YES;
				CLANG_WARN_BLOCK_CAPTURE_AUTORELEASING = YES;
				CLANG_WARN_BOOL_CONVERSION = YES;
				CLANG_WARN_COMMA = YES;
				CLANG_WARN_CONSTANT_CONVERSION = YES;
				CLANG_WARN_DEPRECATED_OBJC_IMPLEMENTATIONS = YES;
				CLANG_WARN_DIRECT_OBJC_ISA_USAGE = YES_ERROR;
				CLANG_WARN_DOCUMENTATION_COMMENTS = YES;
				CLANG_WARN_EMPTY_BODY = YES;
				CLANG_WARN_ENUM_CONVERSION = YES;
				CLANG_WARN_INFINITE_RECURSION = YES;
				CLANG_WARN_INT_CONVERSION = YES;
				CLANG_WARN_NON_LITERAL_NULL_CONVERSION = YES;
				CLANG_WARN_OBJC_IMPLICIT_RETAIN_SELF = YES;
				CLANG_WARN_OBJC_LITERAL_CONVERSION = YES;
				CLANG_WARN_OBJC_ROOT_CLASS = YES_ERROR;
				CLANG_WARN_QUOTED_INCLUDE_IN_FRAMEWORK_HEADER = YES;
				CLANG_WARN_RANGE_LOOP_ANALYSIS = YES;
				CLANG_WARN_STRICT_PROTOTYPES = YES;
				CLANG_WARN_SUSPICIOUS_MOVE = YES;
				CLANG_WARN_UNGUARDED_AVAILABILITY = YES_AGGRESSIVE;
				CLANG_WARN_UNREACHABLE_CODE = YES;
				CLANG_WARN__DUPLICATE_METHOD_MATCH = YES;
				COPY_PHASE_STRIP = NO;
				DEBUG_INFORMATION_FORMAT = dwarf;
				ENABLE_STRICT_OBJC_MSGSEND = YES;
				ENABLE_TESTABILITY = YES;
				GCC_C_LANGUAGE_STANDARD = gnu11;
				GCC_DYNAMIC_NO_PIC = NO;
				GCC_NO_COMMON_BLOCKS = YES;
				GCC_OPTIMIZATION_LEVEL = 0;
				GCC_PREPROCESSOR_DEFINITIONS = (
					"DEBUG=1",
					"$(inherited)",
				);
				GCC_WARN_64_TO_32_BIT_CONVERSION = YES;
				GCC_WARN_ABOUT_RETURN_TYPE = YES_ERROR;
				GCC_WARN_UNDECLARED_SELECTOR = YES;
				GCC_WARN_UNINITIALIZED_AUTOS = YES_AGGRESSIVE;
				GCC_WARN_UNUSED_FUNCTION = YES;
				GCC_WARN_UNUSED_VARIABLE = YES;
				MTL_ENABLE_DEBUG_INFO = INCLUDE_SOURCE;
				MTL_FAST_MATH = YES;
				ONLY_ACTIVE_ARCH = YES;
				SWIFT_ACTIVE_COMPILATION_CONDITIONS = DEBUG;
				SWIFT_OPTIMIZATION_LEVEL = "-Onone";
			};
			name = Debug;
		};
		04DC15B92931E9AC009F3411 /* Release */ = {
			isa = XCBuildConfiguration;
			buildSettings = {
				ALWAYS_SEARCH_USER_PATHS = NO;
				CLANG_ANALYZER_NONNULL = YES;
				CLANG_ANALYZER_NUMBER_OBJECT_CONVERSION = YES_AGGRESSIVE;
				CLANG_CXX_LANGUAGE_STANDARD = "gnu++20";
				CLANG_ENABLE_MODULES = YES;
				CLANG_ENABLE_OBJC_ARC = YES;
				CLANG_ENABLE_OBJC_WEAK = YES;
				CLANG_WARN_BLOCK_CAPTURE_AUTORELEASING = YES;
				CLANG_WARN_BOOL_CONVERSION = YES;
				CLANG_WARN_COMMA = YES;
				CLANG_WARN_CONSTANT_CONVERSION = YES;
				CLANG_WARN_DEPRECATED_OBJC_IMPLEMENTATIONS = YES;
				CLANG_WARN_DIRECT_OBJC_ISA_USAGE = YES_ERROR;
				CLANG_WARN_DOCUMENTATION_COMMENTS = YES;
				CLANG_WARN_EMPTY_BODY = YES;
				CLANG_WARN_ENUM_CONVERSION = YES;
				CLANG_WARN_INFINITE_RECURSION = YES;
				CLANG_WARN_INT_CONVERSION = YES;
				CLANG_WARN_NON_LITERAL_NULL_CONVERSION = YES;
				CLANG_WARN_OBJC_IMPLICIT_RETAIN_SELF = YES;
				CLANG_WARN_OBJC_LITERAL_CONVERSION = YES;
				CLANG_WARN_OBJC_ROOT_CLASS = YES_ERROR;
				CLANG_WARN_QUOTED_INCLUDE_IN_FRAMEWORK_HEADER = YES;
				CLANG_WARN_RANGE_LOOP_ANALYSIS = YES;
				CLANG_WARN_STRICT_PROTOTYPES = YES;
				CLANG_WARN_SUSPICIOUS_MOVE = YES;
				CLANG_WARN_UNGUARDED_AVAILABILITY = YES_AGGRESSIVE;
				CLANG_WARN_UNREACHABLE_CODE = YES;
				CLANG_WARN__DUPLICATE_METHOD_MATCH = YES;
				COPY_PHASE_STRIP = NO;
				DEBUG_INFORMATION_FORMAT = "dwarf-with-dsym";
				ENABLE_NS_ASSERTIONS = NO;
				ENABLE_STRICT_OBJC_MSGSEND = YES;
				GCC_C_LANGUAGE_STANDARD = gnu11;
				GCC_NO_COMMON_BLOCKS = YES;
				GCC_WARN_64_TO_32_BIT_CONVERSION = YES;
				GCC_WARN_ABOUT_RETURN_TYPE = YES_ERROR;
				GCC_WARN_UNDECLARED_SELECTOR = YES;
				GCC_WARN_UNINITIALIZED_AUTOS = YES_AGGRESSIVE;
				GCC_WARN_UNUSED_FUNCTION = YES;
				GCC_WARN_UNUSED_VARIABLE = YES;
				MTL_ENABLE_DEBUG_INFO = NO;
				MTL_FAST_MATH = YES;
				SWIFT_COMPILATION_MODE = wholemodule;
				SWIFT_OPTIMIZATION_LEVEL = "-O";
			};
			name = Release;
		};
		04DC15BB2931E9AC009F3411 /* Debug */ = {
			isa = XCBuildConfiguration;
			buildSettings = {
				ASSETCATALOG_COMPILER_APPICON_NAME = AppIcon;
				ASSETCATALOG_COMPILER_GLOBAL_ACCENT_COLOR_NAME = AccentColor;
				CODE_SIGN_ENTITLEMENTS = "BUAA Tools/BUAA_Tools.entitlements";
				CODE_SIGN_STYLE = Automatic;
				CURRENT_PROJECT_VERSION = 1;
				DEVELOPMENT_ASSET_PATHS = "\"BUAA Tools/Preview Content\"";
				DEVELOPMENT_TEAM = B7KSK7PGMP;
				ENABLE_HARDENED_RUNTIME = YES;
				ENABLE_PREVIEWS = YES;
				GENERATE_INFOPLIST_FILE = YES;
				INFOPLIST_FILE = "";
				INFOPLIST_KEY_CFBundleDisplayName = "BUAA Tools";
				INFOPLIST_KEY_LSApplicationCategoryType = "public.app-category.utilities";
				INFOPLIST_KEY_NSLocationUsageDescription = "每日健康打卡";
				INFOPLIST_KEY_NSLocationWhenInUseUsageDescription = "每日健康打卡";
				"INFOPLIST_KEY_UIApplicationSceneManifest_Generation[sdk=iphoneos*]" = YES;
				"INFOPLIST_KEY_UIApplicationSceneManifest_Generation[sdk=iphonesimulator*]" = YES;
				"INFOPLIST_KEY_UIApplicationSupportsIndirectInputEvents[sdk=iphoneos*]" = YES;
				"INFOPLIST_KEY_UIApplicationSupportsIndirectInputEvents[sdk=iphonesimulator*]" = YES;
				"INFOPLIST_KEY_UILaunchScreen_Generation[sdk=iphoneos*]" = YES;
				"INFOPLIST_KEY_UILaunchScreen_Generation[sdk=iphonesimulator*]" = YES;
				"INFOPLIST_KEY_UIStatusBarStyle[sdk=iphoneos*]" = UIStatusBarStyleDefault;
				"INFOPLIST_KEY_UIStatusBarStyle[sdk=iphonesimulator*]" = UIStatusBarStyleDefault;
				INFOPLIST_KEY_UISupportedInterfaceOrientations = UIInterfaceOrientationPortrait;
				INFOPLIST_KEY_UISupportedInterfaceOrientations_iPad = "UIInterfaceOrientationLandscapeLeft UIInterfaceOrientationLandscapeRight UIInterfaceOrientationPortrait UIInterfaceOrientationPortraitUpsideDown";
				IPHONEOS_DEPLOYMENT_TARGET = 16.0;
				LD_RUNPATH_SEARCH_PATHS = "@executable_path/Frameworks";
				"LD_RUNPATH_SEARCH_PATHS[sdk=macosx*]" = "@executable_path/../Frameworks";
				MACOSX_DEPLOYMENT_TARGET = 12.3;
				MARKETING_VERSION = 1.1;
				PRODUCT_BUNDLE_IDENTIFIER = "Toby-Shi.BUAA-Tools";
				PRODUCT_NAME = "$(TARGET_NAME)";
				SDKROOT = auto;
				SUPPORTED_PLATFORMS = "iphoneos iphonesimulator";
				SUPPORTS_MACCATALYST = NO;
				SUPPORTS_MAC_DESIGNED_FOR_IPHONE_IPAD = NO;
				SWIFT_EMIT_LOC_STRINGS = YES;
				SWIFT_VERSION = 5.0;
				TARGETED_DEVICE_FAMILY = "1,2";
			};
			name = Debug;
		};
		04DC15BC2931E9AC009F3411 /* Release */ = {
			isa = XCBuildConfiguration;
			buildSettings = {
				ASSETCATALOG_COMPILER_APPICON_NAME = AppIcon;
				ASSETCATALOG_COMPILER_GLOBAL_ACCENT_COLOR_NAME = AccentColor;
				CODE_SIGN_ENTITLEMENTS = "BUAA Tools/BUAA_Tools.entitlements";
				CODE_SIGN_STYLE = Automatic;
				CURRENT_PROJECT_VERSION = 1;
				DEVELOPMENT_ASSET_PATHS = "\"BUAA Tools/Preview Content\"";
				DEVELOPMENT_TEAM = B7KSK7PGMP;
				ENABLE_HARDENED_RUNTIME = YES;
				ENABLE_PREVIEWS = YES;
				GENERATE_INFOPLIST_FILE = YES;
				INFOPLIST_FILE = "";
				INFOPLIST_KEY_CFBundleDisplayName = "BUAA Tools";
				INFOPLIST_KEY_LSApplicationCategoryType = "public.app-category.utilities";
				INFOPLIST_KEY_NSLocationUsageDescription = "每日健康打卡";
				INFOPLIST_KEY_NSLocationWhenInUseUsageDescription = "每日健康打卡";
				"INFOPLIST_KEY_UIApplicationSceneManifest_Generation[sdk=iphoneos*]" = YES;
				"INFOPLIST_KEY_UIApplicationSceneManifest_Generation[sdk=iphonesimulator*]" = YES;
				"INFOPLIST_KEY_UIApplicationSupportsIndirectInputEvents[sdk=iphoneos*]" = YES;
				"INFOPLIST_KEY_UIApplicationSupportsIndirectInputEvents[sdk=iphonesimulator*]" = YES;
				"INFOPLIST_KEY_UILaunchScreen_Generation[sdk=iphoneos*]" = YES;
				"INFOPLIST_KEY_UILaunchScreen_Generation[sdk=iphonesimulator*]" = YES;
				"INFOPLIST_KEY_UIStatusBarStyle[sdk=iphoneos*]" = UIStatusBarStyleDefault;
				"INFOPLIST_KEY_UIStatusBarStyle[sdk=iphonesimulator*]" = UIStatusBarStyleDefault;
				INFOPLIST_KEY_UISupportedInterfaceOrientations = UIInterfaceOrientationPortrait;
				INFOPLIST_KEY_UISupportedInterfaceOrientations_iPad = "UIInterfaceOrientationLandscapeLeft UIInterfaceOrientationLandscapeRight UIInterfaceOrientationPortrait UIInterfaceOrientationPortraitUpsideDown";
				IPHONEOS_DEPLOYMENT_TARGET = 16.0;
				LD_RUNPATH_SEARCH_PATHS = "@executable_path/Frameworks";
				"LD_RUNPATH_SEARCH_PATHS[sdk=macosx*]" = "@executable_path/../Frameworks";
				MACOSX_DEPLOYMENT_TARGET = 12.3;
				MARKETING_VERSION = 1.1;
				PRODUCT_BUNDLE_IDENTIFIER = "Toby-Shi.BUAA-Tools";
				PRODUCT_NAME = "$(TARGET_NAME)";
				SDKROOT = auto;
				SUPPORTED_PLATFORMS = "iphoneos iphonesimulator";
				SUPPORTS_MACCATALYST = NO;
				SUPPORTS_MAC_DESIGNED_FOR_IPHONE_IPAD = NO;
				SWIFT_EMIT_LOC_STRINGS = YES;
				SWIFT_VERSION = 5.0;
				TARGETED_DEVICE_FAMILY = "1,2";
			};
			name = Release;
		};
/* End XCBuildConfiguration section */

/* Begin XCConfigurationList section */
		04DC15A62931E9AB009F3411 /* Build configuration list for PBXProject "BUAA Tools" */ = {
			isa = XCConfigurationList;
			buildConfigurations = (
				04DC15B82931E9AC009F3411 /* Debug */,
				04DC15B92931E9AC009F3411 /* Release */,
			);
			defaultConfigurationIsVisible = 0;
			defaultConfigurationName = Release;
		};
		04DC15BA2931E9AC009F3411 /* Build configuration list for PBXNativeTarget "BUAA Tools" */ = {
			isa = XCConfigurationList;
			buildConfigurations = (
				04DC15BB2931E9AC009F3411 /* Debug */,
				04DC15BC2931E9AC009F3411 /* Release */,
			);
			defaultConfigurationIsVisible = 0;
			defaultConfigurationName = Release;
		};
/* End XCConfigurationList section */

/* Begin XCRemoteSwiftPackageReference section */
		04DC15FF29321511009F3411 /* XCRemoteSwiftPackageReference "SwiftSoup" */ = {
			isa = XCRemoteSwiftPackageReference;
			repositoryURL = "git@github.com:scinfu/SwiftSoup.git";
			requirement = {
				kind = upToNextMajorVersion;
				minimumVersion = 2.0.0;
			};
		};
		04DC160229321556009F3411 /* XCRemoteSwiftPackageReference "SwiftyJSON" */ = {
			isa = XCRemoteSwiftPackageReference;
			repositoryURL = "git@github.com:SwiftyJSON/SwiftyJSON.git";
			requirement = {
				kind = upToNextMajorVersion;
				minimumVersion = 5.0.0;
			};
		};
/* End XCRemoteSwiftPackageReference section */

/* Begin XCSwiftPackageProductDependency section */
		04DC160029321511009F3411 /* SwiftSoup */ = {
			isa = XCSwiftPackageProductDependency;
			package = 04DC15FF29321511009F3411 /* XCRemoteSwiftPackageReference "SwiftSoup" */;
			productName = SwiftSoup;
		};
		04DC160329321556009F3411 /* SwiftyJSON */ = {
			isa = XCSwiftPackageProductDependency;
			package = 04DC160229321556009F3411 /* XCRemoteSwiftPackageReference "SwiftyJSON" */;
			productName = SwiftyJSON;
		};
/* End XCSwiftPackageProductDependency section */

/* Begin XCVersionGroup section */
		04DADA5D293384D800950BDD /* DataModel.xcdatamodeld */ = {
			isa = XCVersionGroup;
			children = (
				04DADA5E293384D800950BDD /* DataModel.xcdatamodel */,
			);
			currentVersion = 04DADA5E293384D800950BDD /* DataModel.xcdatamodel */;
			path = DataModel.xcdatamodeld;
			sourceTree = "<group>";
			versionGroupType = wrapper.xcdatamodel;
		};
/* End XCVersionGroup section */
	};
	rootObject = 04DC15A32931E9AB009F3411 /* Project object */;
}
